{
  "name": "2024",
  "lockfileVersion": 3,
  "requires": true,
  "packages": {
    "": {
      "dependencies": {
        "heap-js": "^2.5.0"
      }
    },
    "node_modules/heap-js": {
      "version": "2.5.0",
      "license": "BSD-3-Clause",
      "engines": {
        "node": ">=10.0.0"
      }
    }
  }
}
